
Microsoft Visual Studio Solution File, Format Version 12.00
# Visual Studio 15
VisualStudioVersion = 15.0.26730.16
MinimumVisualStudioVersion = 10.0.40219.1
Project("{8BC9CEB8-8B4A-11D0-8D11-00A0C91BC942}") = "Exercises", "Exercises\Exercises.vcxproj", "{A4DA6528-AB5B-4837-BD1F-7FBFDD1056C0}"
EndProject
Global
	GlobalSection(SolutionConfigurationPlatforms) = preSolution
		Debug|x64 = Debug|x64
		Debug|x86 = Debug|x86
		Release|x64 = Release|x64
		Release|x86 = Release|x86
	EndGlobalSection
	GlobalSection(ProjectConfigurationPlatforms) = postSolution
		{A4DA6528-AB5B-4837-BD1F-7FBFDD1056C0}.Debug|x64.ActiveCfg = Debug|x64
		{A4DA6528-AB5B-4837-BD1F-7FBFDD1056C0}.Debug|x64.Build.0 = Debug|x64
		{A4DA6528-AB5B-4837-BD1F-7FBFDD1056C0}.Debug|x86.ActiveCfg = Debug|Win32
		{A4DA6528-AB5B-4837-BD1F-7FBFDD1056C0}.Debug|x86.Build.0 = Debug|Win32
		{A4DA6528-AB5B-4837-BD1F-7FBFDD1056C0}.Release|x64.ActiveCfg = Release|x64
		{A4DA6528-AB5B-4837-BD1F-7FBFDD1056C0}.Release|x64.Build.0 = Release|x64
		{A4DA6528-AB5B-4837-BD1F-7FBFDD1056C0}.Release|x86.ActiveCfg = Release|Win32
		{A4DA6528-AB5B-4837-BD1F-7FBFDD1056C0}.Release|x86.Build.0 = Release|Win32
	EndGlobalSection
	GlobalSection(SolutionProperties) = preSolution
		HideSolutionNode = FALSE
	EndGlobalSection
	GlobalSection(ExtensibilityGlobals) = postSolution
		SolutionGuid = {E76A4EA0-D0DB-44C1-825F-2DAF1E44BB72}
	EndGlobalSection
EndGlobal
