
Microsoft Visual Studio Solution File, Format Version 12.00
# Visual Studio 15
VisualStudioVersion = 15.0.27130.2010
MinimumVisualStudioVersion = 10.0.40219.1
Project("{8BC9CEB8-8B4A-11D0-8D11-00A0C91BC942}") = "1aBaseConverter", "BaseConverter\BaseConverter.vcxproj", "{0403F730-09F1-415C-A214-1112EF6D6BC4}"
EndProject
Project("{8BC9CEB8-8B4A-11D0-8D11-00A0C91BC942}") = "1bPrimeCounter", "PrimeCounter\PrimeCounter.vcxproj", "{DC301740-A7E1-4474-956A-857B43D49422}"
EndProject
Project("{8BC9CEB8-8B4A-11D0-8D11-00A0C91BC942}") = "2aPrimeCounter", "2aPrimeCounter\2aPrimeCounter.vcxproj", "{D24E6866-2253-4A91-ABC7-1A3F6170AEF5}"
EndProject
Project("{8BC9CEB8-8B4A-11D0-8D11-00A0C91BC942}") = "2bFractionSum", "2bFractionSum\2bFractionSum.vcxproj", "{F7E67200-5152-4D17-8BE6-987DE2E48A0C}"
EndProject
Project("{8BC9CEB8-8B4A-11D0-8D11-00A0C91BC942}") = "3aVariations", "3aAddSignToSum\3aAddSignToSum.vcxproj", "{4D4E2D0D-ADD6-4FF1-BD86-C2D21A1968C5}"
EndProject
Project("{8BC9CEB8-8B4A-11D0-8D11-00A0C91BC942}") = "3bRepetitivePermutations", "3bCombinations\3bCombinations.vcxproj", "{847871FF-4661-408F-A276-6BD907D802E1}"
EndProject
Project("{8BC9CEB8-8B4A-11D0-8D11-00A0C91BC942}") = "3aVariationsSingleSolution", "3aVariationsSingleSolution\3aVariationsSingleSolution.vcxproj", "{72F060CF-3C1A-416D-9FE9-2BA6A28CE230}"
EndProject
Project("{8BC9CEB8-8B4A-11D0-8D11-00A0C91BC942}") = "4aComparingBigIntegers", "4aComparingBigIntegers\4aComparingBigIntegers.vcxproj", "{38462E69-C79C-4397-AE79-071CB2F62F89}"
EndProject
Project("{8BC9CEB8-8B4A-11D0-8D11-00A0C91BC942}") = "4b", "4b\4b.vcxproj", "{70F61E7A-AC27-49E6-9380-4BF395AB3DC8}"
EndProject
Project("{8BC9CEB8-8B4A-11D0-8D11-00A0C91BC942}") = "5a", "5а\5а.vcxproj", "{3F9EFB98-CAF4-43B6-959A-E83565C5C5EE}"
EndProject
Project("{8BC9CEB8-8B4A-11D0-8D11-00A0C91BC942}") = "5b", "5b\5b.vcxproj", "{FBA09E0A-41FB-4795-A25A-60F622C3C0C0}"
EndProject
Project("{8BC9CEB8-8B4A-11D0-8D11-00A0C91BC942}") = "6a", "6a\6a.vcxproj", "{D4288481-F9FF-4EA9-BCC0-82FB5DF425D8}"
EndProject
Project("{8BC9CEB8-8B4A-11D0-8D11-00A0C91BC942}") = "6b", "6b\6b.vcxproj", "{EE3755AD-476B-47D6-8543-2CB3B0D48837}"
EndProject
Project("{8BC9CEB8-8B4A-11D0-8D11-00A0C91BC942}") = "7bLongestIncreasingSubsequence", "7bLongestIncreasingSubsequence\7bLongestIncreasingSubsequence.vcxproj", "{D338B1AD-B96E-4789-B2F6-9CA378D3E882}"
EndProject
Project("{8BC9CEB8-8B4A-11D0-8D11-00A0C91BC942}") = "7aPartitionProblem", "7aPartitionProblem\7aPartitionProblem.vcxproj", "{A7CB4317-9D7D-4E53-B3EA-74473640ED7A}"
EndProject
Project("{8BC9CEB8-8B4A-11D0-8D11-00A0C91BC942}") = "8aBFSgraph", "8aBFSgraph\8aBFSgraph.vcxproj", "{EE15BF10-8B3B-4F27-BC3A-D9C378105BDB}"
EndProject
Project("{8BC9CEB8-8B4A-11D0-8D11-00A0C91BC942}") = "8bDFSgraph", "8bDFSgraph\8bDFSgraph.vcxproj", "{98E15F36-3B28-4DD8-894B-C7968A3C700A}"
EndProject
Project("{8BC9CEB8-8B4A-11D0-8D11-00A0C91BC942}") = "9аDijkstra", "9аDijkstra\9аDijkstra.vcxproj", "{37E6B648-AE94-4D24-8429-56E97204D376}"
EndProject
Project("{8BC9CEB8-8B4A-11D0-8D11-00A0C91BC942}") = "9bEulerCircuit", "9bEulerCircuit\9bEulerCircuit.vcxproj", "{1EF9790A-656A-4F5C-BD15-AF779574CDE3}"
EndProject
Project("{8BC9CEB8-8B4A-11D0-8D11-00A0C91BC942}") = "5aa", "5aa\5aa.vcxproj", "{EB932B87-47E5-4FA7-A0AC-C0D2EC3D7FCC}"
EndProject
Global
	GlobalSection(SolutionConfigurationPlatforms) = preSolution
		Debug|x64 = Debug|x64
		Debug|x86 = Debug|x86
		Release|x64 = Release|x64
		Release|x86 = Release|x86
	EndGlobalSection
	GlobalSection(ProjectConfigurationPlatforms) = postSolution
		{0403F730-09F1-415C-A214-1112EF6D6BC4}.Debug|x64.ActiveCfg = Debug|x64
		{0403F730-09F1-415C-A214-1112EF6D6BC4}.Debug|x64.Build.0 = Debug|x64
		{0403F730-09F1-415C-A214-1112EF6D6BC4}.Debug|x86.ActiveCfg = Debug|Win32
		{0403F730-09F1-415C-A214-1112EF6D6BC4}.Debug|x86.Build.0 = Debug|Win32
		{0403F730-09F1-415C-A214-1112EF6D6BC4}.Release|x64.ActiveCfg = Release|x64
		{0403F730-09F1-415C-A214-1112EF6D6BC4}.Release|x64.Build.0 = Release|x64
		{0403F730-09F1-415C-A214-1112EF6D6BC4}.Release|x86.ActiveCfg = Release|Win32
		{0403F730-09F1-415C-A214-1112EF6D6BC4}.Release|x86.Build.0 = Release|Win32
		{DC301740-A7E1-4474-956A-857B43D49422}.Debug|x64.ActiveCfg = Debug|x64
		{DC301740-A7E1-4474-956A-857B43D49422}.Debug|x64.Build.0 = Debug|x64
		{DC301740-A7E1-4474-956A-857B43D49422}.Debug|x86.ActiveCfg = Debug|Win32
		{DC301740-A7E1-4474-956A-857B43D49422}.Debug|x86.Build.0 = Debug|Win32
		{DC301740-A7E1-4474-956A-857B43D49422}.Release|x64.ActiveCfg = Release|x64
		{DC301740-A7E1-4474-956A-857B43D49422}.Release|x64.Build.0 = Release|x64
		{DC301740-A7E1-4474-956A-857B43D49422}.Release|x86.ActiveCfg = Release|Win32
		{DC301740-A7E1-4474-956A-857B43D49422}.Release|x86.Build.0 = Release|Win32
		{D24E6866-2253-4A91-ABC7-1A3F6170AEF5}.Debug|x64.ActiveCfg = Debug|x64
		{D24E6866-2253-4A91-ABC7-1A3F6170AEF5}.Debug|x64.Build.0 = Debug|x64
		{D24E6866-2253-4A91-ABC7-1A3F6170AEF5}.Debug|x86.ActiveCfg = Debug|Win32
		{D24E6866-2253-4A91-ABC7-1A3F6170AEF5}.Debug|x86.Build.0 = Debug|Win32
		{D24E6866-2253-4A91-ABC7-1A3F6170AEF5}.Release|x64.ActiveCfg = Release|x64
		{D24E6866-2253-4A91-ABC7-1A3F6170AEF5}.Release|x64.Build.0 = Release|x64
		{D24E6866-2253-4A91-ABC7-1A3F6170AEF5}.Release|x86.ActiveCfg = Release|Win32
		{D24E6866-2253-4A91-ABC7-1A3F6170AEF5}.Release|x86.Build.0 = Release|Win32
		{F7E67200-5152-4D17-8BE6-987DE2E48A0C}.Debug|x64.ActiveCfg = Debug|x64
		{F7E67200-5152-4D17-8BE6-987DE2E48A0C}.Debug|x64.Build.0 = Debug|x64
		{F7E67200-5152-4D17-8BE6-987DE2E48A0C}.Debug|x86.ActiveCfg = Debug|Win32
		{F7E67200-5152-4D17-8BE6-987DE2E48A0C}.Debug|x86.Build.0 = Debug|Win32
		{F7E67200-5152-4D17-8BE6-987DE2E48A0C}.Release|x64.ActiveCfg = Release|x64
		{F7E67200-5152-4D17-8BE6-987DE2E48A0C}.Release|x64.Build.0 = Release|x64
		{F7E67200-5152-4D17-8BE6-987DE2E48A0C}.Release|x86.ActiveCfg = Release|Win32
		{F7E67200-5152-4D17-8BE6-987DE2E48A0C}.Release|x86.Build.0 = Release|Win32
		{4D4E2D0D-ADD6-4FF1-BD86-C2D21A1968C5}.Debug|x64.ActiveCfg = Debug|x64
		{4D4E2D0D-ADD6-4FF1-BD86-C2D21A1968C5}.Debug|x64.Build.0 = Debug|x64
		{4D4E2D0D-ADD6-4FF1-BD86-C2D21A1968C5}.Debug|x86.ActiveCfg = Debug|Win32
		{4D4E2D0D-ADD6-4FF1-BD86-C2D21A1968C5}.Debug|x86.Build.0 = Debug|Win32
		{4D4E2D0D-ADD6-4FF1-BD86-C2D21A1968C5}.Release|x64.ActiveCfg = Release|x64
		{4D4E2D0D-ADD6-4FF1-BD86-C2D21A1968C5}.Release|x64.Build.0 = Release|x64
		{4D4E2D0D-ADD6-4FF1-BD86-C2D21A1968C5}.Release|x86.ActiveCfg = Release|Win32
		{4D4E2D0D-ADD6-4FF1-BD86-C2D21A1968C5}.Release|x86.Build.0 = Release|Win32
		{847871FF-4661-408F-A276-6BD907D802E1}.Debug|x64.ActiveCfg = Debug|x64
		{847871FF-4661-408F-A276-6BD907D802E1}.Debug|x64.Build.0 = Debug|x64
		{847871FF-4661-408F-A276-6BD907D802E1}.Debug|x86.ActiveCfg = Debug|Win32
		{847871FF-4661-408F-A276-6BD907D802E1}.Debug|x86.Build.0 = Debug|Win32
		{847871FF-4661-408F-A276-6BD907D802E1}.Release|x64.ActiveCfg = Release|x64
		{847871FF-4661-408F-A276-6BD907D802E1}.Release|x64.Build.0 = Release|x64
		{847871FF-4661-408F-A276-6BD907D802E1}.Release|x86.ActiveCfg = Release|Win32
		{847871FF-4661-408F-A276-6BD907D802E1}.Release|x86.Build.0 = Release|Win32
		{72F060CF-3C1A-416D-9FE9-2BA6A28CE230}.Debug|x64.ActiveCfg = Debug|x64
		{72F060CF-3C1A-416D-9FE9-2BA6A28CE230}.Debug|x64.Build.0 = Debug|x64
		{72F060CF-3C1A-416D-9FE9-2BA6A28CE230}.Debug|x86.ActiveCfg = Debug|Win32
		{72F060CF-3C1A-416D-9FE9-2BA6A28CE230}.Debug|x86.Build.0 = Debug|Win32
		{72F060CF-3C1A-416D-9FE9-2BA6A28CE230}.Release|x64.ActiveCfg = Release|x64
		{72F060CF-3C1A-416D-9FE9-2BA6A28CE230}.Release|x64.Build.0 = Release|x64
		{72F060CF-3C1A-416D-9FE9-2BA6A28CE230}.Release|x86.ActiveCfg = Release|Win32
		{72F060CF-3C1A-416D-9FE9-2BA6A28CE230}.Release|x86.Build.0 = Release|Win32
		{38462E69-C79C-4397-AE79-071CB2F62F89}.Debug|x64.ActiveCfg = Debug|x64
		{38462E69-C79C-4397-AE79-071CB2F62F89}.Debug|x64.Build.0 = Debug|x64
		{38462E69-C79C-4397-AE79-071CB2F62F89}.Debug|x86.ActiveCfg = Debug|Win32
		{38462E69-C79C-4397-AE79-071CB2F62F89}.Debug|x86.Build.0 = Debug|Win32
		{38462E69-C79C-4397-AE79-071CB2F62F89}.Release|x64.ActiveCfg = Release|x64
		{38462E69-C79C-4397-AE79-071CB2F62F89}.Release|x64.Build.0 = Release|x64
		{38462E69-C79C-4397-AE79-071CB2F62F89}.Release|x86.ActiveCfg = Release|Win32
		{38462E69-C79C-4397-AE79-071CB2F62F89}.Release|x86.Build.0 = Release|Win32
		{70F61E7A-AC27-49E6-9380-4BF395AB3DC8}.Debug|x64.ActiveCfg = Debug|x64
		{70F61E7A-AC27-49E6-9380-4BF395AB3DC8}.Debug|x64.Build.0 = Debug|x64
		{70F61E7A-AC27-49E6-9380-4BF395AB3DC8}.Debug|x86.ActiveCfg = Debug|Win32
		{70F61E7A-AC27-49E6-9380-4BF395AB3DC8}.Debug|x86.Build.0 = Debug|Win32
		{70F61E7A-AC27-49E6-9380-4BF395AB3DC8}.Release|x64.ActiveCfg = Release|x64
		{70F61E7A-AC27-49E6-9380-4BF395AB3DC8}.Release|x64.Build.0 = Release|x64
		{70F61E7A-AC27-49E6-9380-4BF395AB3DC8}.Release|x86.ActiveCfg = Release|Win32
		{70F61E7A-AC27-49E6-9380-4BF395AB3DC8}.Release|x86.Build.0 = Release|Win32
		{3F9EFB98-CAF4-43B6-959A-E83565C5C5EE}.Debug|x64.ActiveCfg = Debug|x64
		{3F9EFB98-CAF4-43B6-959A-E83565C5C5EE}.Debug|x64.Build.0 = Debug|x64
		{3F9EFB98-CAF4-43B6-959A-E83565C5C5EE}.Debug|x86.ActiveCfg = Debug|Win32
		{3F9EFB98-CAF4-43B6-959A-E83565C5C5EE}.Debug|x86.Build.0 = Debug|Win32
		{3F9EFB98-CAF4-43B6-959A-E83565C5C5EE}.Release|x64.ActiveCfg = Release|x64
		{3F9EFB98-CAF4-43B6-959A-E83565C5C5EE}.Release|x64.Build.0 = Release|x64
		{3F9EFB98-CAF4-43B6-959A-E83565C5C5EE}.Release|x86.ActiveCfg = Release|Win32
		{3F9EFB98-CAF4-43B6-959A-E83565C5C5EE}.Release|x86.Build.0 = Release|Win32
		{FBA09E0A-41FB-4795-A25A-60F622C3C0C0}.Debug|x64.ActiveCfg = Debug|x64
		{FBA09E0A-41FB-4795-A25A-60F622C3C0C0}.Debug|x64.Build.0 = Debug|x64
		{FBA09E0A-41FB-4795-A25A-60F622C3C0C0}.Debug|x86.ActiveCfg = Debug|Win32
		{FBA09E0A-41FB-4795-A25A-60F622C3C0C0}.Debug|x86.Build.0 = Debug|Win32
		{FBA09E0A-41FB-4795-A25A-60F622C3C0C0}.Release|x64.ActiveCfg = Release|x64
		{FBA09E0A-41FB-4795-A25A-60F622C3C0C0}.Release|x64.Build.0 = Release|x64
		{FBA09E0A-41FB-4795-A25A-60F622C3C0C0}.Release|x86.ActiveCfg = Release|Win32
		{FBA09E0A-41FB-4795-A25A-60F622C3C0C0}.Release|x86.Build.0 = Release|Win32
		{D4288481-F9FF-4EA9-BCC0-82FB5DF425D8}.Debug|x64.ActiveCfg = Debug|x64
		{D4288481-F9FF-4EA9-BCC0-82FB5DF425D8}.Debug|x64.Build.0 = Debug|x64
		{D4288481-F9FF-4EA9-BCC0-82FB5DF425D8}.Debug|x86.ActiveCfg = Debug|Win32
		{D4288481-F9FF-4EA9-BCC0-82FB5DF425D8}.Debug|x86.Build.0 = Debug|Win32
		{D4288481-F9FF-4EA9-BCC0-82FB5DF425D8}.Release|x64.ActiveCfg = Release|x64
		{D4288481-F9FF-4EA9-BCC0-82FB5DF425D8}.Release|x64.Build.0 = Release|x64
		{D4288481-F9FF-4EA9-BCC0-82FB5DF425D8}.Release|x86.ActiveCfg = Release|Win32
		{D4288481-F9FF-4EA9-BCC0-82FB5DF425D8}.Release|x86.Build.0 = Release|Win32
		{EE3755AD-476B-47D6-8543-2CB3B0D48837}.Debug|x64.ActiveCfg = Debug|x64
		{EE3755AD-476B-47D6-8543-2CB3B0D48837}.Debug|x64.Build.0 = Debug|x64
		{EE3755AD-476B-47D6-8543-2CB3B0D48837}.Debug|x86.ActiveCfg = Debug|Win32
		{EE3755AD-476B-47D6-8543-2CB3B0D48837}.Debug|x86.Build.0 = Debug|Win32
		{EE3755AD-476B-47D6-8543-2CB3B0D48837}.Release|x64.ActiveCfg = Release|x64
		{EE3755AD-476B-47D6-8543-2CB3B0D48837}.Release|x64.Build.0 = Release|x64
		{EE3755AD-476B-47D6-8543-2CB3B0D48837}.Release|x86.ActiveCfg = Release|Win32
		{EE3755AD-476B-47D6-8543-2CB3B0D48837}.Release|x86.Build.0 = Release|Win32
		{D338B1AD-B96E-4789-B2F6-9CA378D3E882}.Debug|x64.ActiveCfg = Debug|x64
		{D338B1AD-B96E-4789-B2F6-9CA378D3E882}.Debug|x64.Build.0 = Debug|x64
		{D338B1AD-B96E-4789-B2F6-9CA378D3E882}.Debug|x86.ActiveCfg = Debug|Win32
		{D338B1AD-B96E-4789-B2F6-9CA378D3E882}.Debug|x86.Build.0 = Debug|Win32
		{D338B1AD-B96E-4789-B2F6-9CA378D3E882}.Release|x64.ActiveCfg = Release|x64
		{D338B1AD-B96E-4789-B2F6-9CA378D3E882}.Release|x64.Build.0 = Release|x64
		{D338B1AD-B96E-4789-B2F6-9CA378D3E882}.Release|x86.ActiveCfg = Release|Win32
		{D338B1AD-B96E-4789-B2F6-9CA378D3E882}.Release|x86.Build.0 = Release|Win32
		{A7CB4317-9D7D-4E53-B3EA-74473640ED7A}.Debug|x64.ActiveCfg = Debug|x64
		{A7CB4317-9D7D-4E53-B3EA-74473640ED7A}.Debug|x64.Build.0 = Debug|x64
		{A7CB4317-9D7D-4E53-B3EA-74473640ED7A}.Debug|x86.ActiveCfg = Debug|Win32
		{A7CB4317-9D7D-4E53-B3EA-74473640ED7A}.Debug|x86.Build.0 = Debug|Win32
		{A7CB4317-9D7D-4E53-B3EA-74473640ED7A}.Release|x64.ActiveCfg = Release|x64
		{A7CB4317-9D7D-4E53-B3EA-74473640ED7A}.Release|x64.Build.0 = Release|x64
		{A7CB4317-9D7D-4E53-B3EA-74473640ED7A}.Release|x86.ActiveCfg = Release|Win32
		{A7CB4317-9D7D-4E53-B3EA-74473640ED7A}.Release|x86.Build.0 = Release|Win32
		{EE15BF10-8B3B-4F27-BC3A-D9C378105BDB}.Debug|x64.ActiveCfg = Debug|x64
		{EE15BF10-8B3B-4F27-BC3A-D9C378105BDB}.Debug|x64.Build.0 = Debug|x64
		{EE15BF10-8B3B-4F27-BC3A-D9C378105BDB}.Debug|x86.ActiveCfg = Debug|Win32
		{EE15BF10-8B3B-4F27-BC3A-D9C378105BDB}.Debug|x86.Build.0 = Debug|Win32
		{EE15BF10-8B3B-4F27-BC3A-D9C378105BDB}.Release|x64.ActiveCfg = Release|x64
		{EE15BF10-8B3B-4F27-BC3A-D9C378105BDB}.Release|x64.Build.0 = Release|x64
		{EE15BF10-8B3B-4F27-BC3A-D9C378105BDB}.Release|x86.ActiveCfg = Release|Win32
		{EE15BF10-8B3B-4F27-BC3A-D9C378105BDB}.Release|x86.Build.0 = Release|Win32
		{98E15F36-3B28-4DD8-894B-C7968A3C700A}.Debug|x64.ActiveCfg = Debug|x64
		{98E15F36-3B28-4DD8-894B-C7968A3C700A}.Debug|x64.Build.0 = Debug|x64
		{98E15F36-3B28-4DD8-894B-C7968A3C700A}.Debug|x86.ActiveCfg = Debug|Win32
		{98E15F36-3B28-4DD8-894B-C7968A3C700A}.Debug|x86.Build.0 = Debug|Win32
		{98E15F36-3B28-4DD8-894B-C7968A3C700A}.Release|x64.ActiveCfg = Release|x64
		{98E15F36-3B28-4DD8-894B-C7968A3C700A}.Release|x64.Build.0 = Release|x64
		{98E15F36-3B28-4DD8-894B-C7968A3C700A}.Release|x86.ActiveCfg = Release|Win32
		{98E15F36-3B28-4DD8-894B-C7968A3C700A}.Release|x86.Build.0 = Release|Win32
		{37E6B648-AE94-4D24-8429-56E97204D376}.Debug|x64.ActiveCfg = Debug|x64
		{37E6B648-AE94-4D24-8429-56E97204D376}.Debug|x64.Build.0 = Debug|x64
		{37E6B648-AE94-4D24-8429-56E97204D376}.Debug|x86.ActiveCfg = Debug|Win32
		{37E6B648-AE94-4D24-8429-56E97204D376}.Debug|x86.Build.0 = Debug|Win32
		{37E6B648-AE94-4D24-8429-56E97204D376}.Release|x64.ActiveCfg = Release|x64
		{37E6B648-AE94-4D24-8429-56E97204D376}.Release|x64.Build.0 = Release|x64
		{37E6B648-AE94-4D24-8429-56E97204D376}.Release|x86.ActiveCfg = Release|Win32
		{37E6B648-AE94-4D24-8429-56E97204D376}.Release|x86.Build.0 = Release|Win32
		{1EF9790A-656A-4F5C-BD15-AF779574CDE3}.Debug|x64.ActiveCfg = Debug|x64
		{1EF9790A-656A-4F5C-BD15-AF779574CDE3}.Debug|x64.Build.0 = Debug|x64
		{1EF9790A-656A-4F5C-BD15-AF779574CDE3}.Debug|x86.ActiveCfg = Debug|Win32
		{1EF9790A-656A-4F5C-BD15-AF779574CDE3}.Debug|x86.Build.0 = Debug|Win32
		{1EF9790A-656A-4F5C-BD15-AF779574CDE3}.Release|x64.ActiveCfg = Release|x64
		{1EF9790A-656A-4F5C-BD15-AF779574CDE3}.Release|x64.Build.0 = Release|x64
		{1EF9790A-656A-4F5C-BD15-AF779574CDE3}.Release|x86.ActiveCfg = Release|Win32
		{1EF9790A-656A-4F5C-BD15-AF779574CDE3}.Release|x86.Build.0 = Release|Win32
		{EB932B87-47E5-4FA7-A0AC-C0D2EC3D7FCC}.Debug|x64.ActiveCfg = Debug|x64
		{EB932B87-47E5-4FA7-A0AC-C0D2EC3D7FCC}.Debug|x64.Build.0 = Debug|x64
		{EB932B87-47E5-4FA7-A0AC-C0D2EC3D7FCC}.Debug|x86.ActiveCfg = Debug|Win32
		{EB932B87-47E5-4FA7-A0AC-C0D2EC3D7FCC}.Debug|x86.Build.0 = Debug|Win32
		{EB932B87-47E5-4FA7-A0AC-C0D2EC3D7FCC}.Release|x64.ActiveCfg = Release|x64
		{EB932B87-47E5-4FA7-A0AC-C0D2EC3D7FCC}.Release|x64.Build.0 = Release|x64
		{EB932B87-47E5-4FA7-A0AC-C0D2EC3D7FCC}.Release|x86.ActiveCfg = Release|Win32
		{EB932B87-47E5-4FA7-A0AC-C0D2EC3D7FCC}.Release|x86.Build.0 = Release|Win32
	EndGlobalSection
	GlobalSection(SolutionProperties) = preSolution
		HideSolutionNode = FALSE
	EndGlobalSection
	GlobalSection(ExtensibilityGlobals) = postSolution
		SolutionGuid = {00740BF8-A4BF-4B8A-B4EF-C6C69611968D}
	EndGlobalSection
EndGlobal
